
Microsoft Visual Studio Solution File, Format Version 12.00
# Visual Studio Version 18
VisualStudioVersion = 18.4.11626.88
MinimumVisualStudioVersion = 10.0.40219.1
Project("{FAE04EC0-301F-11D3-BF4B-00C04F79EFBC}") = "EasySave.Core", "EasySave.Core\EasySave.Core.csproj", "{C215F7EA-9C47-4578-B051-F91D56C9CB4E}"
EndProject
Project("{FAE04EC0-301F-11D3-BF4B-00C04F79EFBC}") = "EasyLog", "EasyLog\EasyLog.csproj", "{57B75B5B-4072-402F-B9D2-1BA85DDCD96C}"
EndProject
Project("{FAE04EC0-301F-11D3-BF4B-00C04F79EFBC}") = "EasySave.Tests", "EasySave.Tests\EasySave.Tests.csproj", "{A8D3C22A-B159-42E7-932D-466EA0032688}"
EndProject
Project("{FAE04EC0-301F-11D3-BF4B-00C04F79EFBC}") = "EasySave.Console", "EasySave.Console\EasySave.Console.csproj", "{15E7DD23-07D9-4C56-9A66-B0EC89DC0B15}"
	ProjectSection(ProjectDependencies) = postProject
		{8AF3C7F7-52C3-4C56-8B04-7D6489B4A03F} = {8AF3C7F7-52C3-4C56-8B04-7D6489B4A03F}
	EndProjectSection
EndProject
Project("{FAE04EC0-301F-11D3-BF4B-00C04F79EFBC}") = "EasySave.Wpf", "EasySave.Wpf\EasySave.Wpf.csproj", "{E07EBE55-C45D-40CA-99B5-C495C648E2B9}"
	ProjectSection(ProjectDependencies) = postProject
		{8AF3C7F7-52C3-4C56-8B04-7D6489B4A03F} = {8AF3C7F7-52C3-4C56-8B04-7D6489B4A03F}
	EndProjectSection
EndProject
Project("{FAE04EC0-301F-11D3-BF4B-00C04F79EFBC}") = "CryptoSoft", "CryptoSoft\CryptoSoft.csproj", "{8AF3C7F7-52C3-4C56-8B04-7D6489B4A03F}"
EndProject
Global
	GlobalSection(SolutionConfigurationPlatforms) = preSolution
		Debug|Any CPU = Debug|Any CPU
		Debug|x64 = Debug|x64
		Debug|x86 = Debug|x86
		Release|Any CPU = Release|Any CPU
		Release|x64 = Release|x64
		Release|x86 = Release|x86
	EndGlobalSection
	GlobalSection(ProjectConfigurationPlatforms) = postSolution
		{C215F7EA-9C47-4578-B051-F91D56C9CB4E}.Debug|Any CPU.ActiveCfg = Debug|Any CPU
		{C215F7EA-9C47-4578-B051-F91D56C9CB4E}.Debug|Any CPU.Build.0 = Debug|Any CPU
		{C215F7EA-9C47-4578-B051-F91D56C9CB4E}.Debug|x64.ActiveCfg = Debug|Any CPU
		{C215F7EA-9C47-4578-B051-F91D56C9CB4E}.Debug|x64.Build.0 = Debug|Any CPU
		{C215F7EA-9C47-4578-B051-F91D56C9CB4E}.Debug|x86.ActiveCfg = Debug|Any CPU
		{C215F7EA-9C47-4578-B051-F91D56C9CB4E}.Debug|x86.Build.0 = Debug|Any CPU
		{C215F7EA-9C47-4578-B051-F91D56C9CB4E}.Release|Any CPU.ActiveCfg = Release|Any CPU
		{C215F7EA-9C47-4578-B051-F91D56C9CB4E}.Release|Any CPU.Build.0 = Release|Any CPU
		{C215F7EA-9C47-4578-B051-F91D56C9CB4E}.Release|x64.ActiveCfg = Release|Any CPU
		{C215F7EA-9C47-4578-B051-F91D56C9CB4E}.Release|x64.Build.0 = Release|Any CPU
		{C215F7EA-9C47-4578-B051-F91D56C9CB4E}.Release|x86.ActiveCfg = Release|Any CPU
		{C215F7EA-9C47-4578-B051-F91D56C9CB4E}.Release|x86.Build.0 = Release|Any CPU
		{57B75B5B-4072-402F-B9D2-1BA85DDCD96C}.Debug|Any CPU.ActiveCfg = Debug|Any CPU
		{57B75B5B-4072-402F-B9D2-1BA85DDCD96C}.Debug|Any CPU.Build.0 = Debug|Any CPU
		{57B75B5B-4072-402F-B9D2-1BA85DDCD96C}.Debug|x64.ActiveCfg = Debug|Any CPU
		{57B75B5B-4072-402F-B9D2-1BA85DDCD96C}.Debug|x64.Build.0 = Debug|Any CPU
		{57B75B5B-4072-402F-B9D2-1BA85DDCD96C}.Debug|x86.ActiveCfg = Debug|Any CPU
		{57B75B5B-4072-402F-B9D2-1BA85DDCD96C}.Debug|x86.Build.0 = Debug|Any CPU
		{57B75B5B-4072-402F-B9D2-1BA85DDCD96C}.Release|Any CPU.ActiveCfg = Release|Any CPU
		{57B75B5B-4072-402F-B9D2-1BA85DDCD96C}.Release|Any CPU.Build.0 = Release|Any CPU
		{57B75B5B-4072-402F-B9D2-1BA85DDCD96C}.Release|x64.ActiveCfg = Release|Any CPU
		{57B75B5B-4072-402F-B9D2-1BA85DDCD96C}.Release|x64.Build.0 = Release|Any CPU
		{57B75B5B-4072-402F-B9D2-1BA85DDCD96C}.Release|x86.ActiveCfg = Release|Any CPU
		{57B75B5B-4072-402F-B9D2-1BA85DDCD96C}.Release|x86.Build.0 = Release|Any CPU
		{A8D3C22A-B159-42E7-932D-466EA0032688}.Debug|Any CPU.ActiveCfg = Debug|Any CPU
		{A8D3C22A-B159-42E7-932D-466EA0032688}.Debug|Any CPU.Build.0 = Debug|Any CPU
		{A8D3C22A-B159-42E7-932D-466EA0032688}.Debug|x64.ActiveCfg = Debug|Any CPU
		{A8D3C22A-B159-42E7-932D-466EA0032688}.Debug|x64.Build.0 = Debug|Any CPU
		{A8D3C22A-B159-42E7-932D-466EA0032688}.Debug|x86.ActiveCfg = Debug|Any CPU
		{A8D3C22A-B159-42E7-932D-466EA0032688}.Debug|x86.Build.0 = Debug|Any CPU
		{A8D3C22A-B159-42E7-932D-466EA0032688}.Release|Any CPU.ActiveCfg = Release|Any CPU
		{A8D3C22A-B159-42E7-932D-466EA0032688}.Release|Any CPU.Build.0 = Release|Any CPU
		{A8D3C22A-B159-42E7-932D-466EA0032688}.Release|x64.ActiveCfg = Release|Any CPU
		{A8D3C22A-B159-42E7-932D-466EA0032688}.Release|x64.Build.0 = Release|Any CPU
		{A8D3C22A-B159-42E7-932D-466EA0032688}.Release|x86.ActiveCfg = Release|Any CPU
		{A8D3C22A-B159-42E7-932D-466EA0032688}.Release|x86.Build.0 = Release|Any CPU
		{15E7DD23-07D9-4C56-9A66-B0EC89DC0B15}.Debug|Any CPU.ActiveCfg = Debug|Any CPU
		{15E7DD23-07D9-4C56-9A66-B0EC89DC0B15}.Debug|Any CPU.Build.0 = Debug|Any CPU
		{15E7DD23-07D9-4C56-9A66-B0EC89DC0B15}.Debug|x64.ActiveCfg = Debug|Any CPU
		{15E7DD23-07D9-4C56-9A66-B0EC89DC0B15}.Debug|x64.Build.0 = Debug|Any CPU
		{15E7DD23-07D9-4C56-9A66-B0EC89DC0B15}.Debug|x86.ActiveCfg = Debug|Any CPU
		{15E7DD23-07D9-4C56-9A66-B0EC89DC0B15}.Debug|x86.Build.0 = Debug|Any CPU
		{15E7DD23-07D9-4C56-9A66-B0EC89DC0B15}.Release|Any CPU.ActiveCfg = Release|Any CPU
		{15E7DD23-07D9-4C56-9A66-B0EC89DC0B15}.Release|Any CPU.Build.0 = Release|Any CPU
		{15E7DD23-07D9-4C56-9A66-B0EC89DC0B15}.Release|x64.ActiveCfg = Release|Any CPU
		{15E7DD23-07D9-4C56-9A66-B0EC89DC0B15}.Release|x64.Build.0 = Release|Any CPU
		{15E7DD23-07D9-4C56-9A66-B0EC89DC0B15}.Release|x86.ActiveCfg = Release|Any CPU
		{15E7DD23-07D9-4C56-9A66-B0EC89DC0B15}.Release|x86.Build.0 = Release|Any CPU
		{E07EBE55-C45D-40CA-99B5-C495C648E2B9}.Debug|Any CPU.ActiveCfg = Debug|Any CPU
		{E07EBE55-C45D-40CA-99B5-C495C648E2B9}.Debug|Any CPU.Build.0 = Debug|Any CPU
		{E07EBE55-C45D-40CA-99B5-C495C648E2B9}.Debug|x64.ActiveCfg = Debug|Any CPU
		{E07EBE55-C45D-40CA-99B5-C495C648E2B9}.Debug|x64.Build.0 = Debug|Any CPU
		{E07EBE55-C45D-40CA-99B5-C495C648E2B9}.Debug|x86.ActiveCfg = Debug|Any CPU
		{E07EBE55-C45D-40CA-99B5-C495C648E2B9}.Debug|x86.Build.0 = Debug|Any CPU
		{E07EBE55-C45D-40CA-99B5-C495C648E2B9}.Release|Any CPU.ActiveCfg = Release|Any CPU
		{E07EBE55-C45D-40CA-99B5-C495C648E2B9}.Release|Any CPU.Build.0 = Release|Any CPU
		{E07EBE55-C45D-40CA-99B5-C495C648E2B9}.Release|x64.ActiveCfg = Release|Any CPU
		{E07EBE55-C45D-40CA-99B5-C495C648E2B9}.Release|x64.Build.0 = Release|Any CPU
		{E07EBE55-C45D-40CA-99B5-C495C648E2B9}.Release|x86.ActiveCfg = Release|Any CPU
		{E07EBE55-C45D-40CA-99B5-C495C648E2B9}.Release|x86.Build.0 = Release|Any CPU
		{8AF3C7F7-52C3-4C56-8B04-7D6489B4A03F}.Debug|Any CPU.ActiveCfg = Debug|Any CPU
		{8AF3C7F7-52C3-4C56-8B04-7D6489B4A03F}.Debug|Any CPU.Build.0 = Debug|Any CPU
		{8AF3C7F7-52C3-4C56-8B04-7D6489B4A03F}.Debug|x64.ActiveCfg = Debug|Any CPU
		{8AF3C7F7-52C3-4C56-8B04-7D6489B4A03F}.Debug|x64.Build.0 = Debug|Any CPU
		{8AF3C7F7-52C3-4C56-8B04-7D6489B4A03F}.Debug|x86.ActiveCfg = Debug|Any CPU
		{8AF3C7F7-52C3-4C56-8B04-7D6489B4A03F}.Debug|x86.Build.0 = Debug|Any CPU
		{8AF3C7F7-52C3-4C56-8B04-7D6489B4A03F}.Release|Any CPU.ActiveCfg = Release|Any CPU
		{8AF3C7F7-52C3-4C56-8B04-7D6489B4A03F}.Release|Any CPU.Build.0 = Release|Any CPU
		{8AF3C7F7-52C3-4C56-8B04-7D6489B4A03F}.Release|x64.ActiveCfg = Release|Any CPU
		{8AF3C7F7-52C3-4C56-8B04-7D6489B4A03F}.Release|x64.Build.0 = Release|Any CPU
		{8AF3C7F7-52C3-4C56-8B04-7D6489B4A03F}.Release|x86.ActiveCfg = Release|Any CPU
		{8AF3C7F7-52C3-4C56-8B04-7D6489B4A03F}.Release|x86.Build.0 = Release|Any CPU
	EndGlobalSection
	GlobalSection(SolutionProperties) = preSolution
		HideSolutionNode = FALSE
	EndGlobalSection
	GlobalSection(ExtensibilityGlobals) = postSolution
		SolutionGuid = {347BA465-5C4A-45D6-BCCA-6589A2002539}
	EndGlobalSection
EndGlobal
